PODS:
  - AFNetworking (3.2.1):
    - AFNetworking/NSURLSession (= 3.2.1)
    - AFNetworking/Reachability (= 3.2.1)
    - AFNetworking/Security (= 3.2.1)
    - AFNetworking/Serialization (= 3.2.1)
    - AFNetworking/UIKit (= 3.2.1)
  - AFNetworking/NSURLSession (3.2.1):
    - AFNetworking/Reachability
    - AFNetworking/Security
    - AFNetworking/Serialization
  - AFNetworking/Reachability (3.2.1)
  - AFNetworking/Security (3.2.1)
  - AFNetworking/Serialization (3.2.1)
  - AFNetworking/UIKit (3.2.1):
    - AFNetworking/NSURLSession
  - AMPopTip (3.5.0)
  - AOPKit (1.0.1)
  - AVOSCloud (11.4.6)
  - ChameleonFramework (2.1.0):
    - ChameleonFramework/Default (= 2.1.0)
  - ChameleonFramework/Default (2.1.0)
  - CocoaLumberjack/Default (3.4.2)
  - CocoaLumberjack/Swift (3.4.2):
    - CocoaLumberjack/Default
  - DACircularProgress (2.3.1)
  - DGActivityIndicatorView (2.1.1)
  - DZNEmptyDataSet (1.8.1)
  - DZNWebViewController (3.2)
  - FCUUID (1.3.1):
    - UICKeyChainStore (~> 2.1.0)
  - FLAnimatedImage (1.0.12)
  - FMDB/standalone (2.7.5):
    - sqlite3
  - Google-Mobile-Ads-SDK (7.35.1)
  - Hero (1.4.0)
  - hpple (0.3.0)
  - IAPHelper (1.1)
  - IDMPhotoBrowser (1.11.3):
    - DACircularProgress
    - pop
    - SDWebImage/Core (~> 4.2.2)
    - SDWebImage/GIF (~> 4.2.2)
    - SDWebImage/WebP (~> 4.2.2)
  - IQKeyboardManager (6.2.0)
  - JBChartView (3.0.13)
  - JZNavigationExtension (1.5.0.1)
  - libwebp (1.0.0):
    - libwebp/core (= 1.0.0)
    - libwebp/dec (= 1.0.0)
    - libwebp/demux (= 1.0.0)
    - libwebp/dsp (= 1.0.0)
    - libwebp/enc (= 1.0.0)
    - libwebp/mux (= 1.0.0)
    - libwebp/utils (= 1.0.0)
    - libwebp/webp (= 1.0.0)
  - libwebp/core (1.0.0):
    - libwebp/webp
  - libwebp/dec (1.0.0):
    - libwebp/core
  - libwebp/demux (1.0.0):
    - libwebp/core
  - libwebp/dsp (1.0.0):
    - libwebp/core
  - libwebp/enc (1.0.0):
    - libwebp/core
  - libwebp/mux (1.0.0):
    - libwebp/core
  - libwebp/utils (1.0.0):
    - libwebp/core
  - libwebp/webp (1.0.0)
  - MBProgressHUD (1.1.0)
  - MJRefresh (3.1.15.7)
  - MXParallaxHeader (0.6.1)
  - PinYin4Objc (1.1.1)
  - pop (1.0.12)
  - QCloudCore (5.4.5)
  - QCloudCOSXML (5.4.5):
    - QCloudCore (= 5.4.5)
  - ReactiveObjC (3.1.0)
  - SAMKeychain (1.5.3)
  - SDWebImage/Core (4.2.3)
  - SDWebImage/GIF (4.2.3):
    - FLAnimatedImage (~> 1.0)
    - SDWebImage/Core
  - SDWebImage/WebP (4.2.3):
    - libwebp
    - SDWebImage/Core
  - sqlite3 (3.25.2):
    - sqlite3/common (= 3.25.2)
  - sqlite3/common (3.25.2)
  - SSZipArchive (2.1.4)
  - SVProgressHUD (2.2.5)
  - TACCore (1.0.0):
    - AOPKit (= 1.0.1)
    - QCloudCore (= 5.4.5)
  - TACCrash (1.0.0):
    - TACCore (= 1.0.0)
  - TACMessaging (1.0.0):
    - AOPKit (= 1.0.1)
    - TACCore (= 1.0.0)
  - TACStorage (1.0.0):
    - QCloudCore (= 5.4.5)
    - QCloudCOSXML (= 5.4.5)
    - TACCore (= 1.0.0)
  - UICKeyChainStore (2.1.2)
  - YYCache (1.0.4)
  - YYCategories (1.0.4):
    - YYCategories/no-arc (= 1.0.4)
  - YYCategories/no-arc (1.0.4)
  - YYModel (1.0.4)

DEPENDENCIES:
  - AFNetworking
  - AMPopTip
  - AVOSCloud
  - ChameleonFramework
  - CocoaLumberjack/Swift
  - DACircularProgress
  - DGActivityIndicatorView
  - DZNEmptyDataSet
  - DZNWebViewController
  - FCUUID
  - FMDB/standalone
  - Google-Mobile-Ads-SDK
  - Hero
  - hpple (from `https://github.com/topfunky/hpple.git`)
  - IAPHelper
  - IDMPhotoBrowser (from `https://github.com/developforapple/IDMPhotoBrowser.git`)
  - IQKeyboardManager
  - JBChartView (from `https://github.com/developforapple/JBChartView.git`)
  - JZNavigationExtension (= 1.5.0.1)
  - MBProgressHUD
  - MJRefresh
  - MXParallaxHeader
  - PinYin4Objc
  - QCloudCore
  - QCloudCOSXML
  - ReactiveObjC
  - SAMKeychain
  - SDWebImage/GIF
  - SDWebImage/WebP
  - SSZipArchive
  - SVProgressHUD (from `https://github.com/SVProgressHUD/SVProgressHUD.git`)
  - TACCore
  - TACCrash
  - TACMessaging
  - TACStorage
  - YYCache
  - YYCategories
  - YYModel

SPEC REPOS:
  https://git.code.tencent.com/qcloud_u/cocopoads-repo.git:
    - AOPKit
    - QCloudCore
    - QCloudCOSXML
    - TACCore
    - TACCrash
    - TACMessaging
    - TACStorage
  https://github.com/cocoapods/specs.git:
    - AFNetworking
    - AMPopTip
    - AVOSCloud
    - ChameleonFramework
    - CocoaLumberjack
    - DACircularProgress
    - DGActivityIndicatorView
    - DZNEmptyDataSet
    - DZNWebViewController
    - FCUUID
    - FLAnimatedImage
    - FMDB
    - Google-Mobile-Ads-SDK
    - Hero
    - IAPHelper
    - IQKeyboardManager
    - JZNavigationExtension
    - libwebp
    - MBProgressHUD
    - MJRefresh
    - MXParallaxHeader
    - PinYin4Objc
    - pop
    - ReactiveObjC
    - SAMKeychain
    - SDWebImage
    - sqlite3
    - SSZipArchive
    - UICKeyChainStore
    - YYCache
    - YYCategories
    - YYModel

EXTERNAL SOURCES:
  hpple:
    :git: https://github.com/topfunky/hpple.git
  IDMPhotoBrowser:
    :git: https://github.com/developforapple/IDMPhotoBrowser.git
  JBChartView:
    :git: https://github.com/developforapple/JBChartView.git
  SVProgressHUD:
    :git: https://github.com/SVProgressHUD/SVProgressHUD.git

CHECKOUT OPTIONS:
  hpple:
    :commit: ba66fa9d4a116d758f470cb664c31eb3e14909c9
    :git: https://github.com/topfunky/hpple.git
  IDMPhotoBrowser:
    :commit: c3a8837caafd8c120fb7b742412bb1b4e0552848
    :git: https://github.com/developforapple/IDMPhotoBrowser.git
  JBChartView:
    :commit: d2de9478745d9d4df157f72b3c09f0d3f107984d
    :git: https://github.com/developforapple/JBChartView.git
  SVProgressHUD:
    :commit: d860511141f71fa0fb40c3241a0701be06ad7838
    :git: https://github.com/SVProgressHUD/SVProgressHUD.git

SPEC CHECKSUMS:
  AFNetworking: b6f891fdfaed196b46c7a83cf209e09697b94057
  AMPopTip: 871ae0570b68fe396e714922b3f7d8ed6a36bb71
  AOPKit: be229d578279d42607214f07cb3f68c563c4e3cd
  AVOSCloud: 95a83bb3447a2f57eae797abdf97072a8ad22b82
  ChameleonFramework: d21a3cc247abfe5e37609a283a8238b03575cf64
  CocoaLumberjack: db7cc9e464771f12054c22ff6947c5a58d43a0fd
  DACircularProgress: 4dd437c0fc3da5161cb289e07ac449493d41db71
  DGActivityIndicatorView: ff2c76073d79692f724863c8dd38685866a03cb6
  DZNEmptyDataSet: 9525833b9e68ac21c30253e1d3d7076cc828eaa7
  DZNWebViewController: 8e927a5de637fe0c4104c001d5cccd4fa5621e50
  FCUUID: bb054fc90cd7cd99320f9f6ff8e130fe607fba05
  FLAnimatedImage: 4a0b56255d9b05f18b6dd7ee06871be5d3b89e31
  FMDB: 2ce00b547f966261cd18927a3ddb07cb6f3db82a
  Google-Mobile-Ads-SDK: 151d5e87b4a0ae6d7d07e2cd8d55d1b41ea2e61e
  Hero: bac92350d7201a1a940003e0767c7b52ce7c99a1
  hpple: 37ac0a804d0f8a7f488712b5ff5f06129e1c9e31
  IAPHelper: fd74f53b0ac142eed085777b88b86a11746a2dd4
  IDMPhotoBrowser: 3dbfa3727f82ad0af16f16603878f92c11b16679
  IQKeyboardManager: 6194101620b73af5e67900b8f89707a99de0b804
  JBChartView: ea240dca7b83a92f47d4ae766beb3714753988a1
  JZNavigationExtension: 7b95d2b1c48846b8bedcb40d767448f14cb9a0b7
  libwebp: d7e0c95fe97245c97e08101eba10702ebb0f6101
  MBProgressHUD: e7baa36a220447d8aeb12769bf0585582f3866d9
  MJRefresh: 697f8ec75ebdbe9207767bb682cf0f51b0d8a41f
  MXParallaxHeader: 858c403532ed933b381556a81ce333d7065ad182
  PinYin4Objc: 3fa9673610368330e2dfb688b1d19a35c3930a78
  pop: d582054913807fd11fd50bfe6a539d91c7e1a55a
  QCloudCore: fdba2fdacb45f3e3f867487136ce804053e09414
  QCloudCOSXML: 0f58bcc8974c7d6a1adf05e757584feab7d6d848
  ReactiveObjC: 2a38ea15335de4119d8b17caf1db1484f61db902
  SAMKeychain: 483e1c9f32984d50ca961e26818a534283b4cd5c
  SDWebImage: 791bb72962b3492327ddcac4b1880bd1b5458431
  sqlite3: 10d61a910ba79c5fe4f3c14dc022242384968a78
  SSZipArchive: 41455d4b8d2b6ab93990820b50dc697c2554a322
  SVProgressHUD: 1428aafac632c1f86f62aa4243ec12008d7a51d6
  TACCore: a0d0286c860f02c4f364fcf74c7808b81740ef14
  TACCrash: 1d794f11ba159001aa9d37e7c8b2edc5c5766ae6
  TACMessaging: 7e9414193ee6d83b5e19202d7d2bbed8b5498963
  TACStorage: 2614d01520a9c5b629a6efd23b61680493198115
  UICKeyChainStore: 85db518bb1d294366d15ec9b92a416c4e670518f
  YYCache: 8105b6638f5e849296c71f331ff83891a4942952
  YYCategories: 6bcd4314c6661a561410dce4a793379ebd306abd
  YYModel: 2a7fdd96aaa4b86a824e26d0c517de8928c04b30

PODFILE CHECKSUM: 4b03995d260188aa33abaa6ac43c781ca43fe1d8

COCOAPODS: 1.5.3
